
Microsoft Visual Studio Solution File, Format Version 12.00
# Visual Studio 15
VisualStudioVersion = 15.0.28307.421
MinimumVisualStudioVersion = 10.0.40219.1
Project("{8BC9CEB8-8B4A-11D0-8D11-00A0C91BC942}") = "PierwszySDL", "PierwszySDL.vcxproj", "{96D8915B-6A67-452B-B587-DFDE1669E3E3}"
EndProject
Global
	GlobalSection(SolutionConfigurationPlatforms) = preSolution
		Debug|x64 = Debug|x64
		Debug|x86 = Debug|x86
		Release|x64 = Release|x64
		Release|x86 = Release|x86
		SDL|x64 = SDL|x64
		SDL|x86 = SDL|x86
	EndGlobalSection
	GlobalSection(ProjectConfigurationPlatforms) = postSolution
		{96D8915B-6A67-452B-B587-DFDE1669E3E3}.Debug|x64.ActiveCfg = Debug|x64
		{96D8915B-6A67-452B-B587-DFDE1669E3E3}.Debug|x64.Build.0 = Debug|x64
		{96D8915B-6A67-452B-B587-DFDE1669E3E3}.Debug|x86.ActiveCfg = Debug|Win32
		{96D8915B-6A67-452B-B587-DFDE1669E3E3}.Debug|x86.Build.0 = Debug|Win32
		{96D8915B-6A67-452B-B587-DFDE1669E3E3}.Release|x64.ActiveCfg = Release|x64
		{96D8915B-6A67-452B-B587-DFDE1669E3E3}.Release|x64.Build.0 = Release|x64
		{96D8915B-6A67-452B-B587-DFDE1669E3E3}.Release|x86.ActiveCfg = Release|Win32
		{96D8915B-6A67-452B-B587-DFDE1669E3E3}.Release|x86.Build.0 = Release|Win32
		{96D8915B-6A67-452B-B587-DFDE1669E3E3}.SDL|x64.ActiveCfg = SDL|x64
		{96D8915B-6A67-452B-B587-DFDE1669E3E3}.SDL|x64.Build.0 = SDL|x64
		{96D8915B-6A67-452B-B587-DFDE1669E3E3}.SDL|x86.ActiveCfg = SDL|Win32
		{96D8915B-6A67-452B-B587-DFDE1669E3E3}.SDL|x86.Build.0 = SDL|Win32
	EndGlobalSection
	GlobalSection(SolutionProperties) = preSolution
		HideSolutionNode = FALSE
	EndGlobalSection
	GlobalSection(ExtensibilityGlobals) = postSolution
		SolutionGuid = {4BF9CC68-B483-4283-9949-E8741C80F616}
	EndGlobalSection
EndGlobal
